
Microsoft Visual Studio Solution File, Format Version 12.00
# Visual Studio Version 16
VisualStudioVersion = 16.0.30717.126
MinimumVisualStudioVersion = 10.0.40219.1
Project("{FAE04EC0-301F-11D3-BF4B-00C04F79EFBC}") = "kr", "kr\kr.csproj", "{A4830204-8F4C-4D6A-A2E5-6F2EC576551F}"
EndProject
Global
	GlobalSection(SolutionConfigurationPlatforms) = preSolution
		Debug|Any CPU = Debug|Any CPU
		Release|Any CPU = Release|Any CPU
	EndGlobalSection
	GlobalSection(ProjectConfigurationPlatforms) = postSolution
		{A4830204-8F4C-4D6A-A2E5-6F2EC576551F}.Debug|Any CPU.ActiveCfg = Debug|Any CPU
		{A4830204-8F4C-4D6A-A2E5-6F2EC576551F}.Debug|Any CPU.Build.0 = Debug|Any CPU
		{A4830204-8F4C-4D6A-A2E5-6F2EC576551F}.Release|Any CPU.ActiveCfg = Release|Any CPU
		{A4830204-8F4C-4D6A-A2E5-6F2EC576551F}.Release|Any CPU.Build.0 = Release|Any CPU
	EndGlobalSection
	GlobalSection(SolutionProperties) = preSolution
		HideSolutionNode = FALSE
	EndGlobalSection
	GlobalSection(ExtensibilityGlobals) = postSolution
		SolutionGuid = {9C1162EC-2895-4376-BE06-382CA97D9DDF}
	EndGlobalSection
EndGlobal
